
Microsoft Visual Studio Solution File, Format Version 12.00
Project("{FAE04EC0-301F-11D3-BF4B-00C04F79EFBC}") = "Tbb.App", "src\SeparatingAxis\SeparatingAxis.csproj", "{1F5452F1-0056-4272-B24B-C0F5493FD424}"
EndProject
Global
	GlobalSection(SolutionConfigurationPlatforms) = preSolution
		Debug|Any CPU = Debug|Any CPU
		Release|Any CPU = Release|Any CPU
	EndGlobalSection
	GlobalSection(ProjectConfigurationPlatforms) = postSolution
		{1F5452F1-0056-4272-B24B-C0F5493FD424}.Debug|Any CPU.ActiveCfg = Debug|Any CPU
		{1F5452F1-0056-4272-B24B-C0F5493FD424}.Debug|Any CPU.Build.0 = Debug|Any CPU
		{1F5452F1-0056-4272-B24B-C0F5493FD424}.Release|Any CPU.ActiveCfg = Release|Any CPU
		{1F5452F1-0056-4272-B24B-C0F5493FD424}.Release|Any CPU.Build.0 = Release|Any CPU
	EndGlobalSection
EndGlobal
